// !$*UTF8*$!
{
	archiveVersion = 1;
	classes = {
	};
	objectVersion = 46;
	objects = {

/* Begin PBXBuildFile section */
		DF1874B51E08411F001D9CE8 /* BigAndSmallSpheresScene.swift in Sources */ = {isa = PBXBuildFile; fileRef = DF1874B41E08411F001D9CE8 /* BigAndSmallSpheresScene.swift */; };
		DF1874B81E0841E2001D9CE8 /* SimpleScene.swift in Sources */ = {isa = PBXBuildFile; fileRef = DF1874B71E0841E2001D9CE8 /* SimpleScene.swift */; };
		DF1874BA1E091773001D9CE8 /* Random.swift in Sources */ = {isa = PBXBuildFile; fileRef = DF1874B91E091773001D9CE8 /* Random.swift */; };
		DF1874BC1E091995001D9CE8 /* Image.swift in Sources */ = {isa = PBXBuildFile; fileRef = DF1874BB1E091995001D9CE8 /* Image.swift */; };
		DF1874BE1E092BA3001D9CE8 /* ImageAccumulator.swift in Sources */ = {isa = PBXBuildFile; fileRef = DF1874BD1E092BA3001D9CE8 /* ImageAccumulator.swift */; };
		DF36E5621DE49DF0008BF0DE /* main.swift in Sources */ = {isa = PBXBuildFile; fileRef = DF36E5611DE49DF0008BF0DE /* main.swift */; };
		DF36E5691DE49E7D008BF0DE /* Bitmap.swift in Sources */ = {isa = PBXBuildFile; fileRef = DF36E5681DE49E7D008BF0DE /* Bitmap.swift */; };
		DF36E56B1DE5931D008BF0DE /* Vector.swift in Sources */ = {isa = PBXBuildFile; fileRef = DF36E56A1DE5931D008BF0DE /* Vector.swift */; };
		DF36E56D1DE5A1D3008BF0DE /* Ray.swift in Sources */ = {isa = PBXBuildFile; fileRef = DF36E56C1DE5A1D3008BF0DE /* Ray.swift */; };
		DF36E56F1DE5AC6B008BF0DE /* Hitable.swift in Sources */ = {isa = PBXBuildFile; fileRef = DF36E56E1DE5AC6B008BF0DE /* Hitable.swift */; };
		DF36E5711DE5ADDE008BF0DE /* Sphere.swift in Sources */ = {isa = PBXBuildFile; fileRef = DF36E5701DE5ADDE008BF0DE /* Sphere.swift */; };
		DF36E5731DE5CF12008BF0DE /* Camera.swift in Sources */ = {isa = PBXBuildFile; fileRef = DF36E5721DE5CF12008BF0DE /* Camera.swift */; };
		DF36E5751DE5E1B3008BF0DE /* Material.swift in Sources */ = {isa = PBXBuildFile; fileRef = DF36E5741DE5E1B3008BF0DE /* Material.swift */; };
		DF36E5771DE5E346008BF0DE /* Lambertian.swift in Sources */ = {isa = PBXBuildFile; fileRef = DF36E5761DE5E346008BF0DE /* Lambertian.swift */; };
		DF36E5791DE5FE1D008BF0DE /* Metal.swift in Sources */ = {isa = PBXBuildFile; fileRef = DF36E5781DE5FE1D008BF0DE /* Metal.swift */; };
		DF36E57C1DE6DF48008BF0DE /* Dielectric.swift in Sources */ = {isa = PBXBuildFile; fileRef = DF36E57B1DE6DF48008BF0DE /* Dielectric.swift */; };
		DF36E57E1DE6F7B2008BF0DE /* Trigonometry.swift in Sources */ = {isa = PBXBuildFile; fileRef = DF36E57D1DE6F7B2008BF0DE /* Trigonometry.swift */; };
		DF36E5801DE735C2008BF0DE /* Scene.swift in Sources */ = {isa = PBXBuildFile; fileRef = DF36E57F1DE735C2008BF0DE /* Scene.swift */; };
		DF4C10E11E43380B00851BB0 /* SphereArrayScene.swift in Sources */ = {isa = PBXBuildFile; fileRef = DF4C10E01E43380B00851BB0 /* SphereArrayScene.swift */; };
		DF979C791E42145100FCC427 /* BoundingBox.swift in Sources */ = {isa = PBXBuildFile; fileRef = DF979C781E42145100FCC427 /* BoundingBox.swift */; };
		DF979C7B1E42252D00FCC427 /* BoundingNode.swift in Sources */ = {isa = PBXBuildFile; fileRef = DF979C7A1E42252D00FCC427 /* BoundingNode.swift */; };
/* End PBXBuildFile section */

/* Begin PBXCopyFilesBuildPhase section */
		DF36E55C1DE49DF0008BF0DE /* CopyFiles */ = {
			isa = PBXCopyFilesBuildPhase;
			buildActionMask = 2147483647;
			dstPath = /usr/share/man/man1/;
			dstSubfolderSpec = 0;
			files = (
			);
			runOnlyForDeploymentPostprocessing = 1;
		};
/* End PBXCopyFilesBuildPhase section */

/* Begin PBXFileReference section */
		DF1874B41E08411F001D9CE8 /* BigAndSmallSpheresScene.swift */ = {isa = PBXFileReference; fileEncoding = 4; lastKnownFileType = sourcecode.swift; path = BigAndSmallSpheresScene.swift; sourceTree = "<group>"; };
		DF1874B71E0841E2001D9CE8 /* SimpleScene.swift */ = {isa = PBXFileReference; fileEncoding = 4; lastKnownFileType = sourcecode.swift; path = SimpleScene.swift; sourceTree = "<group>"; };
		DF1874B91E091773001D9CE8 /* Random.swift */ = {isa = PBXFileReference; fileEncoding = 4; lastKnownFileType = sourcecode.swift; path = Random.swift; sourceTree = "<group>"; };
		DF1874BB1E091995001D9CE8 /* Image.swift */ = {isa = PBXFileReference; fileEncoding = 4; lastKnownFileType = sourcecode.swift; path = Image.swift; sourceTree = "<group>"; };
		DF1874BD1E092BA3001D9CE8 /* ImageAccumulator.swift */ = {isa = PBXFileReference; fileEncoding = 4; lastKnownFileType = sourcecode.swift; path = ImageAccumulator.swift; sourceTree = "<group>"; };
		DF36E55E1DE49DF0008BF0DE /* SwiftRay */ = {isa = PBXFileReference; explicitFileType = "compiled.mach-o.executable"; includeInIndex = 0; path = SwiftRay; sourceTree = BUILT_PRODUCTS_DIR; };
		DF36E5611DE49DF0008BF0DE /* main.swift */ = {isa = PBXFileReference; lastKnownFileType = sourcecode.swift; path = main.swift; sourceTree = "<group>"; };
		DF36E5681DE49E7D008BF0DE /* Bitmap.swift */ = {isa = PBXFileReference; fileEncoding = 4; lastKnownFileType = sourcecode.swift; path = Bitmap.swift; sourceTree = "<group>"; };
		DF36E56A1DE5931D008BF0DE /* Vector.swift */ = {isa = PBXFileReference; fileEncoding = 4; lastKnownFileType = sourcecode.swift; path = Vector.swift; sourceTree = "<group>"; };
		DF36E56C1DE5A1D3008BF0DE /* Ray.swift */ = {isa = PBXFileReference; fileEncoding = 4; lastKnownFileType = sourcecode.swift; path = Ray.swift; sourceTree = "<group>"; };
		DF36E56E1DE5AC6B008BF0DE /* Hitable.swift */ = {isa = PBXFileReference; fileEncoding = 4; lastKnownFileType = sourcecode.swift; path = Hitable.swift; sourceTree = "<group>"; };
		DF36E5701DE5ADDE008BF0DE /* Sphere.swift */ = {isa = PBXFileReference; fileEncoding = 4; lastKnownFileType = sourcecode.swift; path = Sphere.swift; sourceTree = "<group>"; };
		DF36E5721DE5CF12008BF0DE /* Camera.swift */ = {isa = PBXFileReference; fileEncoding = 4; lastKnownFileType = sourcecode.swift; path = Camera.swift; sourceTree = "<group>"; };
		DF36E5741DE5E1B3008BF0DE /* Material.swift */ = {isa = PBXFileReference; fileEncoding = 4; lastKnownFileType = sourcecode.swift; path = Material.swift; sourceTree = "<group>"; };
		DF36E5761DE5E346008BF0DE /* Lambertian.swift */ = {isa = PBXFileReference; fileEncoding = 4; lastKnownFileType = sourcecode.swift; path = Lambertian.swift; sourceTree = "<group>"; };
		DF36E5781DE5FE1D008BF0DE /* Metal.swift */ = {isa = PBXFileReference; fileEncoding = 4; lastKnownFileType = sourcecode.swift; path = Metal.swift; sourceTree = "<group>"; };
		DF36E57B1DE6DF48008BF0DE /* Dielectric.swift */ = {isa = PBXFileReference; fileEncoding = 4; lastKnownFileType = sourcecode.swift; path = Dielectric.swift; sourceTree = "<group>"; };
		DF36E57D1DE6F7B2008BF0DE /* Trigonometry.swift */ = {isa = PBXFileReference; fileEncoding = 4; lastKnownFileType = sourcecode.swift; path = Trigonometry.swift; sourceTree = "<group>"; };
		DF36E57F1DE735C2008BF0DE /* Scene.swift */ = {isa = PBXFileReference; fileEncoding = 4; lastKnownFileType = sourcecode.swift; path = Scene.swift; sourceTree = "<group>"; };
		DF4C10E01E43380B00851BB0 /* SphereArrayScene.swift */ = {isa = PBXFileReference; fileEncoding = 4; lastKnownFileType = sourcecode.swift; path = SphereArrayScene.swift; sourceTree = "<group>"; };
		DF979C781E42145100FCC427 /* BoundingBox.swift */ = {isa = PBXFileReference; fileEncoding = 4; lastKnownFileType = sourcecode.swift; path = BoundingBox.swift; sourceTree = "<group>"; };
		DF979C7A1E42252D00FCC427 /* BoundingNode.swift */ = {isa = PBXFileReference; fileEncoding = 4; lastKnownFileType = sourcecode.swift; path = BoundingNode.swift; sourceTree = "<group>"; };
/* End PBXFileReference section */

/* Begin PBXFrameworksBuildPhase section */
		DF36E55B1DE49DF0008BF0DE /* Frameworks */ = {
			isa = PBXFrameworksBuildPhase;
			buildActionMask = 2147483647;
			files = (
			);
			runOnlyForDeploymentPostprocessing = 0;
		};
/* End PBXFrameworksBuildPhase section */

/* Begin PBXGroup section */
		DF1874B61E084124001D9CE8 /* Scenes */ = {
			isa = PBXGroup;
			children = (
				DF36E57F1DE735C2008BF0DE /* Scene.swift */,
				DF1874B71E0841E2001D9CE8 /* SimpleScene.swift */,
				DF1874B41E08411F001D9CE8 /* BigAndSmallSpheresScene.swift */,
				DF4C10E01E43380B00851BB0 /* SphereArrayScene.swift */,
			);
			name = Scenes;
			sourceTree = "<group>";
		};
		DF36E5551DE49DF0008BF0DE = {
			isa = PBXGroup;
			children = (
				DF36E5601DE49DF0008BF0DE /* SwiftRay */,
				DF36E55F1DE49DF0008BF0DE /* Products */,
			);
			sourceTree = "<group>";
		};
		DF36E55F1DE49DF0008BF0DE /* Products */ = {
			isa = PBXGroup;
			children = (
				DF36E55E1DE49DF0008BF0DE /* SwiftRay */,
			);
			name = Products;
			sourceTree = "<group>";
		};
		DF36E5601DE49DF0008BF0DE /* SwiftRay */ = {
			isa = PBXGroup;
			children = (
				DF36E5611DE49DF0008BF0DE /* main.swift */,
				DF1874B91E091773001D9CE8 /* Random.swift */,
				DF1874B61E084124001D9CE8 /* Scenes */,
				DF36E5701DE5ADDE008BF0DE /* Sphere.swift */,
				DF36E5721DE5CF12008BF0DE /* Camera.swift */,
				DF36E56E1DE5AC6B008BF0DE /* Hitable.swift */,
				DF979C781E42145100FCC427 /* BoundingBox.swift */,
				DF979C7A1E42252D00FCC427 /* BoundingNode.swift */,
				DF36E57A1DE5FE29008BF0DE /* Materials */,
				DF36E56A1DE5931D008BF0DE /* Vector.swift */,
				DF36E57D1DE6F7B2008BF0DE /* Trigonometry.swift */,
				DF36E56C1DE5A1D3008BF0DE /* Ray.swift */,
				DF1874BB1E091995001D9CE8 /* Image.swift */,
				DF1874BD1E092BA3001D9CE8 /* ImageAccumulator.swift */,
				DF36E5681DE49E7D008BF0DE /* Bitmap.swift */,
			);
			path = SwiftRay;
			sourceTree = "<group>";
		};
		DF36E57A1DE5FE29008BF0DE /* Materials */ = {
			isa = PBXGroup;
			children = (
				DF36E5741DE5E1B3008BF0DE /* Material.swift */,
				DF36E5761DE5E346008BF0DE /* Lambertian.swift */,
				DF36E5781DE5FE1D008BF0DE /* Metal.swift */,
				DF36E57B1DE6DF48008BF0DE /* Dielectric.swift */,
			);
			name = Materials;
			sourceTree = "<group>";
		};
/* End PBXGroup section */

/* Begin PBXNativeTarget section */
		DF36E55D1DE49DF0008BF0DE /* SwiftRay */ = {
			isa = PBXNativeTarget;
			buildConfigurationList = DF36E5651DE49DF0008BF0DE /* Build configuration list for PBXNativeTarget "SwiftRay" */;
			buildPhases = (
				DF36E55A1DE49DF0008BF0DE /* Sources */,
				DF36E55B1DE49DF0008BF0DE /* Frameworks */,
				DF36E55C1DE49DF0008BF0DE /* CopyFiles */,
			);
			buildRules = (
			);
			dependencies = (
			);
			name = SwiftRay;
			productName = SwiftRay;
			productReference = DF36E55E1DE49DF0008BF0DE /* SwiftRay */;
			productType = "com.apple.product-type.tool";
		};
/* End PBXNativeTarget section */

/* Begin PBXProject section */
		DF36E5561DE49DF0008BF0DE /* Project object */ = {
			isa = PBXProject;
			attributes = {
				LastSwiftUpdateCheck = 0810;
				LastUpgradeCheck = 0820;
				ORGANIZATIONNAME = "Céroce";
				TargetAttributes = {
					DF36E55D1DE49DF0008BF0DE = {
						CreatedOnToolsVersion = 8.1;
						DevelopmentTeam = R9Q7PA55GX;
						ProvisioningStyle = Automatic;
					};
				};
			};
			buildConfigurationList = DF36E5591DE49DF0008BF0DE /* Build configuration list for PBXProject "SwiftRay" */;
			compatibilityVersion = "Xcode 3.2";
			developmentRegion = English;
			hasScannedForEncodings = 0;
			knownRegions = (
				en,
			);
			mainGroup = DF36E5551DE49DF0008BF0DE;
			productRefGroup = DF36E55F1DE49DF0008BF0DE /* Products */;
			projectDirPath = "";
			projectRoot = "";
			targets = (
				DF36E55D1DE49DF0008BF0DE /* SwiftRay */,
			);
		};
/* End PBXProject section */

/* Begin PBXSourcesBuildPhase section */
		DF36E55A1DE49DF0008BF0DE /* Sources */ = {
			isa = PBXSourcesBuildPhase;
			buildActionMask = 2147483647;
			files = (
				DF36E57C1DE6DF48008BF0DE /* Dielectric.swift in Sources */,
				DF36E5751DE5E1B3008BF0DE /* Material.swift in Sources */,
				DF36E56D1DE5A1D3008BF0DE /* Ray.swift in Sources */,
				DF979C7B1E42252D00FCC427 /* BoundingNode.swift in Sources */,
				DF36E5621DE49DF0008BF0DE /* main.swift in Sources */,
				DF979C791E42145100FCC427 /* BoundingBox.swift in Sources */,
				DF36E5801DE735C2008BF0DE /* Scene.swift in Sources */,
				DF36E5711DE5ADDE008BF0DE /* Sphere.swift in Sources */,
				DF36E56B1DE5931D008BF0DE /* Vector.swift in Sources */,
				DF36E5691DE49E7D008BF0DE /* Bitmap.swift in Sources */,
				DF1874BA1E091773001D9CE8 /* Random.swift in Sources */,
				DF1874B51E08411F001D9CE8 /* BigAndSmallSpheresScene.swift in Sources */,
				DF36E5731DE5CF12008BF0DE /* Camera.swift in Sources */,
				DF1874BC1E091995001D9CE8 /* Image.swift in Sources */,
				DF36E57E1DE6F7B2008BF0DE /* Trigonometry.swift in Sources */,
				DF1874B81E0841E2001D9CE8 /* SimpleScene.swift in Sources */,
				DF1874BE1E092BA3001D9CE8 /* ImageAccumulator.swift in Sources */,
				DF36E5791DE5FE1D008BF0DE /* Metal.swift in Sources */,
				DF4C10E11E43380B00851BB0 /* SphereArrayScene.swift in Sources */,
				DF36E56F1DE5AC6B008BF0DE /* Hitable.swift in Sources */,
				DF36E5771DE5E346008BF0DE /* Lambertian.swift in Sources */,
			);
			runOnlyForDeploymentPostprocessing = 0;
		};
/* End PBXSourcesBuildPhase section */

/* Begin XCBuildConfiguration section */
		DF36E5631DE49DF0008BF0DE /* Debug */ = {
			isa = XCBuildConfiguration;
			buildSettings = {
				ALWAYS_SEARCH_USER_PATHS = NO;
				CLANG_ANALYZER_NONNULL = YES;
				CLANG_CXX_LANGUAGE_STANDARD = "gnu++0x";
				CLANG_CXX_LIBRARY = "libc++";
				CLANG_ENABLE_MODULES = YES;
				CLANG_ENABLE_OBJC_ARC = YES;
				CLANG_WARN_BOOL_CONVERSION = YES;
				CLANG_WARN_CONSTANT_CONVERSION = YES;
				CLANG_WARN_DIRECT_OBJC_ISA_USAGE = YES_ERROR;
				CLANG_WARN_DOCUMENTATION_COMMENTS = YES;
				CLANG_WARN_EMPTY_BODY = YES;
				CLANG_WARN_ENUM_CONVERSION = YES;
				CLANG_WARN_INFINITE_RECURSION = YES;
				CLANG_WARN_INT_CONVERSION = YES;
				CLANG_WARN_OBJC_ROOT_CLASS = YES_ERROR;
				CLANG_WARN_SUSPICIOUS_MOVE = YES;
				CLANG_WARN_SUSPICIOUS_MOVES = YES;
				CLANG_WARN_UNREACHABLE_CODE = YES;
				CLANG_WARN__DUPLICATE_METHOD_MATCH = YES;
				CODE_SIGN_IDENTITY = "-";
				COPY_PHASE_STRIP = NO;
				DEBUG_INFORMATION_FORMAT = dwarf;
				ENABLE_STRICT_OBJC_MSGSEND = YES;
				ENABLE_TESTABILITY = YES;
				GCC_C_LANGUAGE_STANDARD = gnu99;
				GCC_DYNAMIC_NO_PIC = NO;
				GCC_NO_COMMON_BLOCKS = YES;
				GCC_OPTIMIZATION_LEVEL = 0;
				GCC_PREPROCESSOR_DEFINITIONS = (
					"DEBUG=1",
					"$(inherited)",
				);
				GCC_WARN_64_TO_32_BIT_CONVERSION = YES;
				GCC_WARN_ABOUT_RETURN_TYPE = YES_ERROR;
				GCC_WARN_UNDECLARED_SELECTOR = YES;
				GCC_WARN_UNINITIALIZED_AUTOS = YES_AGGRESSIVE;
				GCC_WARN_UNUSED_FUNCTION = YES;
				GCC_WARN_UNUSED_VARIABLE = YES;
				MACOSX_DEPLOYMENT_TARGET = 10.12;
				MTL_ENABLE_DEBUG_INFO = YES;
				ONLY_ACTIVE_ARCH = YES;
				SDKROOT = macosx;
				SWIFT_OPTIMIZATION_LEVEL = "-Onone";
			};
			name = Debug;
		};
		DF36E5641DE49DF0008BF0DE /* Release */ = {
			isa = XCBuildConfiguration;
			buildSettings = {
				ALWAYS_SEARCH_USER_PATHS = NO;
				CLANG_ANALYZER_NONNULL = YES;
				CLANG_CXX_LANGUAGE_STANDARD = "gnu++0x";
				CLANG_CXX_LIBRARY = "libc++";
				CLANG_ENABLE_MODULES = YES;
				CLANG_ENABLE_OBJC_ARC = YES;
				CLANG_WARN_BOOL_CONVERSION = YES;
				CLANG_WARN_CONSTANT_CONVERSION = YES;
				CLANG_WARN_DIRECT_OBJC_ISA_USAGE = YES_ERROR;
				CLANG_WARN_DOCUMENTATION_COMMENTS = YES;
				CLANG_WARN_EMPTY_BODY = YES;
				CLANG_WARN_ENUM_CONVERSION = YES;
				CLANG_WARN_INFINITE_RECURSION = YES;
				CLANG_WARN_INT_CONVERSION = YES;
				CLANG_WARN_OBJC_ROOT_CLASS = YES_ERROR;
				CLANG_WARN_SUSPICIOUS_MOVE = YES;
				CLANG_WARN_SUSPICIOUS_MOVES = YES;
				CLANG_WARN_UNREACHABLE_CODE = YES;
				CLANG_WARN__DUPLICATE_METHOD_MATCH = YES;
				CODE_SIGN_IDENTITY = "-";
				COPY_PHASE_STRIP = NO;
				DEBUG_INFORMATION_FORMAT = "dwarf-with-dsym";
				ENABLE_NS_ASSERTIONS = NO;
				ENABLE_STRICT_OBJC_MSGSEND = YES;
				GCC_C_LANGUAGE_STANDARD = gnu99;
				GCC_NO_COMMON_BLOCKS = YES;
				GCC_WARN_64_TO_32_BIT_CONVERSION = YES;
				GCC_WARN_ABOUT_RETURN_TYPE = YES_ERROR;
				GCC_WARN_UNDECLARED_SELECTOR = YES;
				GCC_WARN_UNINITIALIZED_AUTOS = YES_AGGRESSIVE;
				GCC_WARN_UNUSED_FUNCTION = YES;
				GCC_WARN_UNUSED_VARIABLE = YES;
				MACOSX_DEPLOYMENT_TARGET = 10.12;
				MTL_ENABLE_DEBUG_INFO = NO;
				SDKROOT = macosx;
				SWIFT_OPTIMIZATION_LEVEL = "-Owholemodule";
			};
			name = Release;
		};
		DF36E5661DE49DF0008BF0DE /* Debug */ = {
			isa = XCBuildConfiguration;
			buildSettings = {
				DEVELOPMENT_TEAM = R9Q7PA55GX;
				PRODUCT_NAME = "$(TARGET_NAME)";
				SWIFT_VERSION = 3.0;
			};
			name = Debug;
		};
		DF36E5671DE49DF0008BF0DE /* Release */ = {
			isa = XCBuildConfiguration;
			buildSettings = {
				DEVELOPMENT_TEAM = R9Q7PA55GX;
				PRODUCT_NAME = "$(TARGET_NAME)";
				SWIFT_VERSION = 3.0;
			};
			name = Release;
		};
/* End XCBuildConfiguration section */

/* Begin XCConfigurationList section */
		DF36E5591DE49DF0008BF0DE /* Build configuration list for PBXProject "SwiftRay" */ = {
			isa = XCConfigurationList;
			buildConfigurations = (
				DF36E5631DE49DF0008BF0DE /* Debug */,
				DF36E5641DE49DF0008BF0DE /* Release */,
			);
			defaultConfigurationIsVisible = 0;
			defaultConfigurationName = Release;
		};
		DF36E5651DE49DF0008BF0DE /* Build configuration list for PBXNativeTarget "SwiftRay" */ = {
			isa = XCConfigurationList;
			buildConfigurations = (
				DF36E5661DE49DF0008BF0DE /* Debug */,
				DF36E5671DE49DF0008BF0DE /* Release */,
			);
			defaultConfigurationIsVisible = 0;
			defaultConfigurationName = Release;
		};
/* End XCConfigurationList section */
	};
	rootObject = DF36E5561DE49DF0008BF0DE /* Project object */;
}
